
Microsoft Visual Studio Solution File, Format Version 12.00
# Visual Studio 15
VisualStudioVersion = 15.0.27428.2015
MinimumVisualStudioVersion = 10.0.40219.1
Project("{2150E333-8FDC-42A3-9474-1A3956D46DE8}") = "Tests", "Tests", "{37CA503F-2618-4A08-923C-7E73DB73B8AC}"
EndProject
Project("{9A19103F-16F7-4668-BE54-9A1E7A4F7556}") = "NewsReader.Domain.Test", "NewsReader.Domain.Test\NewsReader.Domain.Test.csproj", "{DC24398A-1929-4984-AFAC-17AFB2B4AADB}"
EndProject
Project("{9A19103F-16F7-4668-BE54-9A1E7A4F7556}") = "NewsReader.Domain", "NewsReader.Domain\NewsReader.Domain.csproj", "{DD706F3E-0749-4231-8D5C-3AE838B5DFCD}"
EndProject
Project("{2150E333-8FDC-42A3-9474-1A3956D46DE8}") = "Solution Items", "Solution Items", "{79A55557-6106-4C4C-B7A0-4F402B6487EE}"
	ProjectSection(SolutionItems) = preProject
		CodeAnalysisDictionary.xml = CodeAnalysisDictionary.xml
		NewsReader.ruleset = NewsReader.ruleset
		SharedAssemblyInfo.cs = SharedAssemblyInfo.cs
	EndProjectSection
EndProject
Global
	GlobalSection(SolutionConfigurationPlatforms) = preSolution
		Debug|Any CPU = Debug|Any CPU
		Debug|ARM = Debug|ARM
		Debug|x64 = Debug|x64
		Debug|x86 = Debug|x86
		Release|Any CPU = Release|Any CPU
		Release|ARM = Release|ARM
		Release|x64 = Release|x64
		Release|x86 = Release|x86
	EndGlobalSection
	GlobalSection(ProjectConfigurationPlatforms) = postSolution
		{DC24398A-1929-4984-AFAC-17AFB2B4AADB}.Debug|Any CPU.ActiveCfg = Debug|Any CPU
		{DC24398A-1929-4984-AFAC-17AFB2B4AADB}.Debug|Any CPU.Build.0 = Debug|Any CPU
		{DC24398A-1929-4984-AFAC-17AFB2B4AADB}.Debug|ARM.ActiveCfg = Debug|Any CPU
		{DC24398A-1929-4984-AFAC-17AFB2B4AADB}.Debug|ARM.Build.0 = Debug|Any CPU
		{DC24398A-1929-4984-AFAC-17AFB2B4AADB}.Debug|x64.ActiveCfg = Debug|Any CPU
		{DC24398A-1929-4984-AFAC-17AFB2B4AADB}.Debug|x64.Build.0 = Debug|Any CPU
		{DC24398A-1929-4984-AFAC-17AFB2B4AADB}.Debug|x86.ActiveCfg = Debug|Any CPU
		{DC24398A-1929-4984-AFAC-17AFB2B4AADB}.Debug|x86.Build.0 = Debug|Any CPU
		{DC24398A-1929-4984-AFAC-17AFB2B4AADB}.Release|Any CPU.ActiveCfg = Release|Any CPU
		{DC24398A-1929-4984-AFAC-17AFB2B4AADB}.Release|Any CPU.Build.0 = Release|Any CPU
		{DC24398A-1929-4984-AFAC-17AFB2B4AADB}.Release|ARM.ActiveCfg = Release|Any CPU
		{DC24398A-1929-4984-AFAC-17AFB2B4AADB}.Release|ARM.Build.0 = Release|Any CPU
		{DC24398A-1929-4984-AFAC-17AFB2B4AADB}.Release|x64.ActiveCfg = Release|Any CPU
		{DC24398A-1929-4984-AFAC-17AFB2B4AADB}.Release|x64.Build.0 = Release|Any CPU
		{DC24398A-1929-4984-AFAC-17AFB2B4AADB}.Release|x86.ActiveCfg = Release|Any CPU
		{DC24398A-1929-4984-AFAC-17AFB2B4AADB}.Release|x86.Build.0 = Release|Any CPU
		{DD706F3E-0749-4231-8D5C-3AE838B5DFCD}.Debug|Any CPU.ActiveCfg = Debug|Any CPU
		{DD706F3E-0749-4231-8D5C-3AE838B5DFCD}.Debug|Any CPU.Build.0 = Debug|Any CPU
		{DD706F3E-0749-4231-8D5C-3AE838B5DFCD}.Debug|ARM.ActiveCfg = Debug|Any CPU
		{DD706F3E-0749-4231-8D5C-3AE838B5DFCD}.Debug|ARM.Build.0 = Debug|Any CPU
		{DD706F3E-0749-4231-8D5C-3AE838B5DFCD}.Debug|x64.ActiveCfg = Debug|Any CPU
		{DD706F3E-0749-4231-8D5C-3AE838B5DFCD}.Debug|x64.Build.0 = Debug|Any CPU
		{DD706F3E-0749-4231-8D5C-3AE838B5DFCD}.Debug|x86.ActiveCfg = Debug|Any CPU
		{DD706F3E-0749-4231-8D5C-3AE838B5DFCD}.Debug|x86.Build.0 = Debug|Any CPU
		{DD706F3E-0749-4231-8D5C-3AE838B5DFCD}.Release|Any CPU.ActiveCfg = Release|Any CPU
		{DD706F3E-0749-4231-8D5C-3AE838B5DFCD}.Release|Any CPU.Build.0 = Release|Any CPU
		{DD706F3E-0749-4231-8D5C-3AE838B5DFCD}.Release|ARM.ActiveCfg = Release|Any CPU
		{DD706F3E-0749-4231-8D5C-3AE838B5DFCD}.Release|ARM.Build.0 = Release|Any CPU
		{DD706F3E-0749-4231-8D5C-3AE838B5DFCD}.Release|x64.ActiveCfg = Release|Any CPU
		{DD706F3E-0749-4231-8D5C-3AE838B5DFCD}.Release|x64.Build.0 = Release|Any CPU
		{DD706F3E-0749-4231-8D5C-3AE838B5DFCD}.Release|x86.ActiveCfg = Release|Any CPU
		{DD706F3E-0749-4231-8D5C-3AE838B5DFCD}.Release|x86.Build.0 = Release|Any CPU
	EndGlobalSection
	GlobalSection(SolutionProperties) = preSolution
		HideSolutionNode = FALSE
	EndGlobalSection
	GlobalSection(NestedProjects) = preSolution
		{DC24398A-1929-4984-AFAC-17AFB2B4AADB} = {37CA503F-2618-4A08-923C-7E73DB73B8AC}
	EndGlobalSection
	GlobalSection(ExtensibilityGlobals) = postSolution
		SolutionGuid = {1553A374-F9E1-4C17-8BFD-288547D0BE20}
	EndGlobalSection
EndGlobal
