
Microsoft Visual Studio Solution File, Format Version 12.00
# Visual Studio Version 17
VisualStudioVersion = 17.0.31611.283
MinimumVisualStudioVersion = 10.0.40219.1
Project("{9A19103F-16F7-4668-BE54-9A1E7A4F7556}") = "NewsReader.MauiSystem", "NewsReader.MauiSystem\NewsReader.MauiSystem.csproj", "{1DC39D1F-1A76-4BE5-B1E8-055C75D71001}"
EndProject
Project("{9A19103F-16F7-4668-BE54-9A1E7A4F7556}") = "NewsReader.Domain", "NewsReader.Domain\NewsReader.Domain.csproj", "{EB2162D9-246D-43D8-AF6C-793679D23DFB}"
EndProject
Project("{9A19103F-16F7-4668-BE54-9A1E7A4F7556}") = "NewsReader.Domain.Test", "NewsReader.Domain.Test\NewsReader.Domain.Test.csproj", "{8ECD8169-20BB-4CBC-AE96-97A54AA12949}"
EndProject
Project("{9A19103F-16F7-4668-BE54-9A1E7A4F7556}") = "NewsReader.Applications", "NewsReader.Applications\NewsReader.Applications.csproj", "{1CA663A0-FCA6-49CA-8D7E-67C853E5E343}"
EndProject
Project("{9A19103F-16F7-4668-BE54-9A1E7A4F7556}") = "NewsReader.Presentation", "NewsReader.Presentation\NewsReader.Presentation.csproj", "{32B99A2A-76CE-411B-962C-F1BD0650C425}"
EndProject
Project("{9A19103F-16F7-4668-BE54-9A1E7A4F7556}") = "NewsReader.Presentation.Test", "NewsReader.Presentation.Test\NewsReader.Presentation.Test.csproj", "{698FAC6A-B6C7-4E4A-A0EB-DD932B8276BB}"
EndProject
Project("{2150E333-8FDC-42A3-9474-1A3956D46DE8}") = "Solution Items", "Solution Items", "{0B396389-3C15-4AE5-ABD3-3A2725630193}"
	ProjectSection(SolutionItems) = preProject
		.editorconfig = .editorconfig
		CodeCoverage.runsettings = CodeCoverage.runsettings
		Directory.Build.props = Directory.Build.props
	EndProjectSection
EndProject
Global
	GlobalSection(SolutionConfigurationPlatforms) = preSolution
		Debug|Any CPU = Debug|Any CPU
		Release|Any CPU = Release|Any CPU
	EndGlobalSection
	GlobalSection(ProjectConfigurationPlatforms) = postSolution
		{1DC39D1F-1A76-4BE5-B1E8-055C75D71001}.Debug|Any CPU.ActiveCfg = Debug|Any CPU
		{1DC39D1F-1A76-4BE5-B1E8-055C75D71001}.Debug|Any CPU.Build.0 = Debug|Any CPU
		{1DC39D1F-1A76-4BE5-B1E8-055C75D71001}.Debug|Any CPU.Deploy.0 = Debug|Any CPU
		{1DC39D1F-1A76-4BE5-B1E8-055C75D71001}.Release|Any CPU.ActiveCfg = Release|Any CPU
		{1DC39D1F-1A76-4BE5-B1E8-055C75D71001}.Release|Any CPU.Build.0 = Release|Any CPU
		{1DC39D1F-1A76-4BE5-B1E8-055C75D71001}.Release|Any CPU.Deploy.0 = Release|Any CPU
		{EB2162D9-246D-43D8-AF6C-793679D23DFB}.Debug|Any CPU.ActiveCfg = Debug|Any CPU
		{EB2162D9-246D-43D8-AF6C-793679D23DFB}.Debug|Any CPU.Build.0 = Debug|Any CPU
		{EB2162D9-246D-43D8-AF6C-793679D23DFB}.Release|Any CPU.ActiveCfg = Release|Any CPU
		{EB2162D9-246D-43D8-AF6C-793679D23DFB}.Release|Any CPU.Build.0 = Release|Any CPU
		{8ECD8169-20BB-4CBC-AE96-97A54AA12949}.Debug|Any CPU.ActiveCfg = Debug|Any CPU
		{8ECD8169-20BB-4CBC-AE96-97A54AA12949}.Debug|Any CPU.Build.0 = Debug|Any CPU
		{8ECD8169-20BB-4CBC-AE96-97A54AA12949}.Release|Any CPU.ActiveCfg = Release|Any CPU
		{8ECD8169-20BB-4CBC-AE96-97A54AA12949}.Release|Any CPU.Build.0 = Release|Any CPU
		{1CA663A0-FCA6-49CA-8D7E-67C853E5E343}.Debug|Any CPU.ActiveCfg = Debug|Any CPU
		{1CA663A0-FCA6-49CA-8D7E-67C853E5E343}.Debug|Any CPU.Build.0 = Debug|Any CPU
		{1CA663A0-FCA6-49CA-8D7E-67C853E5E343}.Release|Any CPU.ActiveCfg = Release|Any CPU
		{1CA663A0-FCA6-49CA-8D7E-67C853E5E343}.Release|Any CPU.Build.0 = Release|Any CPU
		{32B99A2A-76CE-411B-962C-F1BD0650C425}.Debug|Any CPU.ActiveCfg = Debug|Any CPU
		{32B99A2A-76CE-411B-962C-F1BD0650C425}.Debug|Any CPU.Build.0 = Debug|Any CPU
		{32B99A2A-76CE-411B-962C-F1BD0650C425}.Release|Any CPU.ActiveCfg = Release|Any CPU
		{32B99A2A-76CE-411B-962C-F1BD0650C425}.Release|Any CPU.Build.0 = Release|Any CPU
		{698FAC6A-B6C7-4E4A-A0EB-DD932B8276BB}.Debug|Any CPU.ActiveCfg = Debug|Any CPU
		{698FAC6A-B6C7-4E4A-A0EB-DD932B8276BB}.Debug|Any CPU.Build.0 = Debug|Any CPU
		{698FAC6A-B6C7-4E4A-A0EB-DD932B8276BB}.Release|Any CPU.ActiveCfg = Release|Any CPU
		{698FAC6A-B6C7-4E4A-A0EB-DD932B8276BB}.Release|Any CPU.Build.0 = Release|Any CPU
	EndGlobalSection
	GlobalSection(SolutionProperties) = preSolution
		HideSolutionNode = FALSE
	EndGlobalSection
	GlobalSection(ExtensibilityGlobals) = postSolution
		SolutionGuid = {61F7FB11-1E47-470C-91E2-47F8143E1572}
	EndGlobalSection
EndGlobal
