
Microsoft Visual Studio Solution File, Format Version 12.00
# Visual Studio Version 16
VisualStudioVersion = 16.0.29613.14
MinimumVisualStudioVersion = 10.0.40219.1
Project("{2150E333-8FDC-42A3-9474-1A3956D46DE8}") = "Samples", "Samples", "{316D2E5D-61D2-403E-805B-F97F1C06BF46}"
EndProject
Project("{2150E333-8FDC-42A3-9474-1A3956D46DE8}") = "Solution Items", "Solution Items", "{6E2A1FC8-F9B2-49AE-B6D7-0771D3F15368}"
	ProjectSection(SolutionItems) = preProject
		..\CodeAnalysis.ruleset = ..\CodeAnalysis.ruleset
		CodeCoverage.runsettings = CodeCoverage.runsettings
		Directory.Build.props = Directory.Build.props
		Directory.Build.targets = Directory.Build.targets
		SharedAssemblyInfo.cs = SharedAssemblyInfo.cs
		..\UnitTest.ruleset = ..\UnitTest.ruleset
	EndProjectSection
EndProject
Project("{2150E333-8FDC-42A3-9474-1A3956D46DE8}") = "EmailClient", "EmailClient", "{74B96B02-FF13-48C1-9A18-F99B27CBBC0F}"
EndProject
Project("{2150E333-8FDC-42A3-9474-1A3956D46DE8}") = "Localization", "Localization", "{ED400E91-5417-4177-89E4-6D6C30D7245C}"
	ProjectSection(SolutionItems) = preProject
		Samples\Localization\LocalizationSample.docx = Samples\Localization\LocalizationSample.docx
	EndProjectSection
EndProject
Project("{2150E333-8FDC-42A3-9474-1A3956D46DE8}") = "Documentation", "Documentation", "{2B4F71F9-E177-4B89-9612-4D29D65A9CB9}"
	ProjectSection(SolutionItems) = preProject
		Documentation\Changelog.txt = Documentation\Changelog.txt
	EndProjectSection
EndProject
Project("{2150E333-8FDC-42A3-9474-1A3956D46DE8}") = "Writer", "Writer", "{2D498396-C10C-4A20-B24E-FD554FFC49EF}"
	ProjectSection(SolutionItems) = preProject
		Samples\Writer\Writer.docx = Samples\Writer\Writer.docx
	EndProjectSection
EndProject
Project("{2150E333-8FDC-42A3-9474-1A3956D46DE8}") = "Code Snippets", "Code Snippets", "{93CDC3EA-AB95-4537-8B66-46D0656EF265}"
EndProject
Project("{2150E333-8FDC-42A3-9474-1A3956D46DE8}") = "BookLibrary", "BookLibrary", "{1617BA08-7FFF-4C8A-9C90-BC0EDB577FA3}"
	ProjectSection(SolutionItems) = preProject
		Samples\BookLibrary\BookLibrary.docx = Samples\BookLibrary\BookLibrary.docx
	EndProjectSection
EndProject
Project("{2150E333-8FDC-42A3-9474-1A3956D46DE8}") = "InformationManager", "InformationManager", "{1CEBD406-B6C5-4639-A9AA-5F8C850F3A6D}"
	ProjectSection(SolutionItems) = preProject
		Samples\InformationManager\InformationManager.docx = Samples\InformationManager\InformationManager.docx
	EndProjectSection
EndProject
Project("{2150E333-8FDC-42A3-9474-1A3956D46DE8}") = "Infrastructure", "Infrastructure", "{D9BAF38A-4FF2-467D-A585-B7843488F115}"
EndProject
Project("{2150E333-8FDC-42A3-9474-1A3956D46DE8}") = "AddressBook", "AddressBook", "{D636F237-2893-45D1-870B-605F8A48BB6E}"
EndProject
Project("{2150E333-8FDC-42A3-9474-1A3956D46DE8}") = "Common", "Common", "{79F77420-A4F7-4712-9DAF-D862F4E19157}"
EndProject
Project("{9A19103F-16F7-4668-BE54-9A1E7A4F7556}") = "System.Waf.Wpf", "System.Waf\System.Waf.Wpf\System.Waf.Wpf.csproj", "{27B67DFE-0BF1-4435-B036-E4C083EAEA03}"
EndProject
Project("{9A19103F-16F7-4668-BE54-9A1E7A4F7556}") = "System.Waf.Wpf.Test", "System.Waf\System.Waf.Wpf.Test\System.Waf.Wpf.Test.csproj", "{48DD2458-B7EE-4709-998C-F1568B51F32A}"
EndProject
Project("{9A19103F-16F7-4668-BE54-9A1E7A4F7556}") = "System.Waf.UnitTesting.Wpf", "System.Waf\System.Waf.UnitTesting.Wpf\System.Waf.UnitTesting.Wpf.csproj", "{C4D646D3-5FD7-4A7A-BEEC-36EA3335C11A}"
EndProject
Project("{9A19103F-16F7-4668-BE54-9A1E7A4F7556}") = "LocalizationSample", "Samples\Localization\LocalizationSample\LocalizationSample.csproj", "{60A8CE03-3493-47E1-8D83-3FD59D2B7B26}"
EndProject
Project("{9A19103F-16F7-4668-BE54-9A1E7A4F7556}") = "Writer.Presentation", "Samples\Writer\Writer.Presentation\Writer.Presentation.csproj", "{2C041533-4BA4-4498-8867-43F87FFD5FAC}"
EndProject
Project("{9A19103F-16F7-4668-BE54-9A1E7A4F7556}") = "Writer.Applications", "Samples\Writer\Writer.Applications\Writer.Applications.csproj", "{4746F5C7-ADC1-4E06-8365-9400AC0FB4A5}"
EndProject
Project("{9A19103F-16F7-4668-BE54-9A1E7A4F7556}") = "Writer.Applications.Test", "Samples\Writer\Writer.Applications.Test\Writer.Applications.Test.csproj", "{C3D1FAC1-8C48-4E7B-93D1-6BBC4B749139}"
EndProject
Project("{9A19103F-16F7-4668-BE54-9A1E7A4F7556}") = "Writer.Presentation.Test", "Samples\Writer\Writer.Presentation.Test\Writer.Presentation.Test.csproj", "{03FE77F4-4C93-4139-8825-E0070EE3F860}"
EndProject
Project("{9A19103F-16F7-4668-BE54-9A1E7A4F7556}") = "Code Snippets", "Code Snippets\Code Snippets.csproj", "{F0C5BD31-CFF7-4B0B-8483-7471447740D8}"
EndProject
Project("{9A19103F-16F7-4668-BE54-9A1E7A4F7556}") = "BookLibrary.Reporting.Applications", "Samples\BookLibrary\BookLibrary.Reporting.Applications\BookLibrary.Reporting.Applications.csproj", "{A050ED65-BF3C-4CBC-9A9A-68CB5AA82BCC}"
EndProject
Project("{9A19103F-16F7-4668-BE54-9A1E7A4F7556}") = "BookLibrary.Reporting.Presentation", "Samples\BookLibrary\BookLibrary.Reporting.Presentation\BookLibrary.Reporting.Presentation.csproj", "{0257AACF-AE9A-4002-8E2E-C98D6FD17437}"
EndProject
Project("{9A19103F-16F7-4668-BE54-9A1E7A4F7556}") = "BookLibrary.Library.Applications", "Samples\BookLibrary\BookLibrary.Library.Applications\BookLibrary.Library.Applications.csproj", "{0985021E-9AD0-455A-A26B-2B8CEBD26297}"
EndProject
Project("{9A19103F-16F7-4668-BE54-9A1E7A4F7556}") = "BookLibrary.Library.Applications.Test", "Samples\BookLibrary\BookLibrary.Library.Applications.Test\BookLibrary.Library.Applications.Test.csproj", "{85E50648-F96F-40EA-8FC8-EB41FEF5C5FB}"
EndProject
Project("{9A19103F-16F7-4668-BE54-9A1E7A4F7556}") = "BookLibrary.Library.Domain", "Samples\BookLibrary\BookLibrary.Library.Domain\BookLibrary.Library.Domain.csproj", "{DB087110-BDBA-4E9D-813F-EF08295ECF8C}"
EndProject
Project("{9A19103F-16F7-4668-BE54-9A1E7A4F7556}") = "BookLibrary.Library.Domain.Test", "Samples\BookLibrary\BookLibrary.Library.Domain.Test\BookLibrary.Library.Domain.Test.csproj", "{11F1884B-17EC-49F3-8BB3-B19156D3089F}"
EndProject
Project("{9A19103F-16F7-4668-BE54-9A1E7A4F7556}") = "BookLibrary.Library.Presentation", "Samples\BookLibrary\BookLibrary.Library.Presentation\BookLibrary.Library.Presentation.csproj", "{0F051A17-542A-4981-8155-A99F547E4442}"
EndProject
Project("{9A19103F-16F7-4668-BE54-9A1E7A4F7556}") = "BookLibrary.Library.Presentation.Test", "Samples\BookLibrary\BookLibrary.Library.Presentation.Test\BookLibrary.Library.Presentation.Test.csproj", "{684434AD-70CA-4355-87B8-6B11E921D393}"
EndProject
Project("{9A19103F-16F7-4668-BE54-9A1E7A4F7556}") = "BookLibrary.Reporting.Applications.Test", "Samples\BookLibrary\BookLibrary.Reporting.Applications.Test\BookLibrary.Reporting.Applications.Test.csproj", "{D9F56691-FA01-43C2-A44E-259CF950E7B2}"
EndProject
Project("{9A19103F-16F7-4668-BE54-9A1E7A4F7556}") = "Assembler", "Samples\InformationManager\Assembler\Assembler.csproj", "{66F216DA-838E-463B-B5A5-8631177F0079}"
	ProjectSection(ProjectDependencies) = postProject
		{2947C827-FFC2-4E77-A8FD-E54A009ED4A8} = {2947C827-FFC2-4E77-A8FD-E54A009ED4A8}
		{99901356-AD33-4E23-8F0E-2A9DFCCF4885} = {99901356-AD33-4E23-8F0E-2A9DFCCF4885}
		{7DB633C2-1EA6-420F-9BA9-320D42289119} = {7DB633C2-1EA6-420F-9BA9-320D42289119}
	EndProjectSection
EndProject
Project("{9A19103F-16F7-4668-BE54-9A1E7A4F7556}") = "Infrastructure.Modules.Applications", "Samples\InformationManager\Infrastructure.Modules.Applications\Infrastructure.Modules.Applications.csproj", "{5E82EAA0-ABB1-40D2-8931-F7BE9E9439D7}"
EndProject
Project("{9A19103F-16F7-4668-BE54-9A1E7A4F7556}") = "Infrastructure.Modules.Presentation", "Samples\InformationManager\Infrastructure.Modules.Presentation\Infrastructure.Modules.Presentation.csproj", "{2947C827-FFC2-4E77-A8FD-E54A009ED4A8}"
EndProject
Project("{9A19103F-16F7-4668-BE54-9A1E7A4F7556}") = "Common.Presentation", "Samples\InformationManager\Common.Presentation\Common.Presentation.csproj", "{23854875-DDBB-4BB9-81B5-637FCA6B1831}"
EndProject
Project("{9A19103F-16F7-4668-BE54-9A1E7A4F7556}") = "Infrastructure.Interfaces", "Samples\InformationManager\Infrastructure.Interfaces\Infrastructure.Interfaces.csproj", "{664D5E11-1BAB-4D48-BEF5-775DB427D691}"
EndProject
Project("{9A19103F-16F7-4668-BE54-9A1E7A4F7556}") = "EmailClient.Modules.Domain", "Samples\InformationManager\EmailClient.Modules.Domain\EmailClient.Modules.Domain.csproj", "{D647B501-C650-4877-8CF6-06515391E28F}"
EndProject
Project("{9A19103F-16F7-4668-BE54-9A1E7A4F7556}") = "EmailClient.Modules.Applications", "Samples\InformationManager\EmailClient.Modules.Applications\EmailClient.Modules.Applications.csproj", "{8C37381E-D1F6-4173-ADCD-DED9CBB474AF}"
EndProject
Project("{9A19103F-16F7-4668-BE54-9A1E7A4F7556}") = "EmailClient.Modules.Presentation", "Samples\InformationManager\EmailClient.Modules.Presentation\EmailClient.Modules.Presentation.csproj", "{7DB633C2-1EA6-420F-9BA9-320D42289119}"
EndProject
Project("{9A19103F-16F7-4668-BE54-9A1E7A4F7556}") = "Common.Applications", "Samples\InformationManager\Common.Applications\Common.Applications.csproj", "{3BC491D6-786A-46F1-9B93-69F23F89055A}"
EndProject
Project("{9A19103F-16F7-4668-BE54-9A1E7A4F7556}") = "AddressBook.Modules.Presentation", "Samples\InformationManager\AddressBook.Modules.Presentation\AddressBook.Modules.Presentation.csproj", "{99901356-AD33-4E23-8F0E-2A9DFCCF4885}"
EndProject
Project("{9A19103F-16F7-4668-BE54-9A1E7A4F7556}") = "AddressBook.Modules.Applications", "Samples\InformationManager\AddressBook.Modules.Applications\AddressBook.Modules.Applications.csproj", "{D1D6D2D8-3D5D-4DB1-8F97-E20CFA5F1F0B}"
EndProject
Project("{9A19103F-16F7-4668-BE54-9A1E7A4F7556}") = "AddressBook.Modules.Domain", "Samples\InformationManager\AddressBook.Modules.Domain\AddressBook.Modules.Domain.csproj", "{6DD92044-33D8-4F00-8921-DE9DAF2FBCAA}"
EndProject
Project("{9A19103F-16F7-4668-BE54-9A1E7A4F7556}") = "AddressBook.Interfaces", "Samples\InformationManager\AddressBook.Interfaces\AddressBook.Interfaces.csproj", "{E270D7E7-0E35-4DED-B330-25FF7EED8581}"
EndProject
Project("{9A19103F-16F7-4668-BE54-9A1E7A4F7556}") = "Common.Domain.Test", "Samples\InformationManager\Common.Domain.Test\Common.Domain.Test.csproj", "{1112ECBA-AC14-46E6-BF67-3CAA8CB93022}"
EndProject
Project("{9A19103F-16F7-4668-BE54-9A1E7A4F7556}") = "Infrastructure.Modules.Applications.Test", "Samples\InformationManager\Infrastructure.Modules.Applications.Test\Infrastructure.Modules.Applications.Test.csproj", "{08D35705-7F77-4ABE-9E85-D31DE77A1DC1}"
EndProject
Project("{9A19103F-16F7-4668-BE54-9A1E7A4F7556}") = "Infrastructure.Modules.Presentation.Test", "Samples\InformationManager\Infrastructure.Modules.Presentation.Test\Infrastructure.Modules.Presentation.Test.csproj", "{D213F7FE-7331-4BCD-B989-B68093CA7FB9}"
EndProject
Project("{9A19103F-16F7-4668-BE54-9A1E7A4F7556}") = "AddressBook.Modules.Domain.Test", "Samples\InformationManager\AddressBook.Modules.Domain.Test\AddressBook.Modules.Domain.Test.csproj", "{27927A49-284A-4F13-9137-E9437538C12B}"
EndProject
Project("{9A19103F-16F7-4668-BE54-9A1E7A4F7556}") = "AddressBook.Modules.Applications.Test", "Samples\InformationManager\AddressBook.Modules.Applications.Test\AddressBook.Modules.Applications.Test.csproj", "{C814BC03-79B3-4B72-A82B-AFA4CF93E5BA}"
EndProject
Project("{9A19103F-16F7-4668-BE54-9A1E7A4F7556}") = "EmailClient.Modules.Domain.Test", "Samples\InformationManager\EmailClient.Modules.Domain.Test\EmailClient.Modules.Domain.Test.csproj", "{4EECE5C7-DD23-45AC-8647-24A0FDDF2342}"
EndProject
Project("{9A19103F-16F7-4668-BE54-9A1E7A4F7556}") = "EmailClient.Modules.Applications.Test", "Samples\InformationManager\EmailClient.Modules.Applications.Test\EmailClient.Modules.Applications.Test.csproj", "{BE9FF027-61EC-44F5-B2BD-5AEF797DD510}"
EndProject
Project("{9A19103F-16F7-4668-BE54-9A1E7A4F7556}") = "EmailClient.Modules.Presentation.Test", "Samples\InformationManager\EmailClient.Modules.Presentation.Test\EmailClient.Modules.Presentation.Test.csproj", "{9409DC4C-5D76-411C-9148-71DB2E4BAA75}"
EndProject
Project("{9A19103F-16F7-4668-BE54-9A1E7A4F7556}") = "Common.Applications.Test", "Samples\InformationManager\Common.Applications.Test\Common.Applications.Test.csproj", "{92D12FFA-90C6-49A3-A483-E4713CD8DCC7}"
EndProject
Project("{2150E333-8FDC-42A3-9474-1A3956D46DE8}") = "System.Waf", "System.Waf", "{A120EF79-3B18-4B3F-B54D-9767BCE32E33}"
	ProjectSection(SolutionItems) = preProject
		System.Waf\Directory.Build.props = System.Waf\Directory.Build.props
	EndProjectSection
EndProject
Project("{9A19103F-16F7-4668-BE54-9A1E7A4F7556}") = "System.Waf.Core", "System.Waf\System.Waf.Core\System.Waf.Core.csproj", "{242660C2-8155-4769-991D-08AFBA69A302}"
EndProject
Project("{9A19103F-16F7-4668-BE54-9A1E7A4F7556}") = "System.Waf.UnitTesting.Core", "System.Waf\System.Waf.UnitTesting.Core\System.Waf.UnitTesting.Core.csproj", "{7935D706-6BF7-4096-8282-1E8594709073}"
EndProject
Project("{9A19103F-16F7-4668-BE54-9A1E7A4F7556}") = "System.Waf.Core.Test", "System.Waf\System.Waf.Core.Test\System.Waf.Core.Test.csproj", "{1FE02554-8AED-4528-B1D0-57C1A64E4062}"
EndProject
Global
	GlobalSection(SolutionConfigurationPlatforms) = preSolution
		Debug|Any CPU = Debug|Any CPU
		Release|Any CPU = Release|Any CPU
	EndGlobalSection
	GlobalSection(ProjectConfigurationPlatforms) = postSolution
		{27B67DFE-0BF1-4435-B036-E4C083EAEA03}.Debug|Any CPU.ActiveCfg = Debug|Any CPU
		{27B67DFE-0BF1-4435-B036-E4C083EAEA03}.Debug|Any CPU.Build.0 = Debug|Any CPU
		{27B67DFE-0BF1-4435-B036-E4C083EAEA03}.Release|Any CPU.ActiveCfg = Release|Any CPU
		{27B67DFE-0BF1-4435-B036-E4C083EAEA03}.Release|Any CPU.Build.0 = Release|Any CPU
		{48DD2458-B7EE-4709-998C-F1568B51F32A}.Debug|Any CPU.ActiveCfg = Debug|Any CPU
		{48DD2458-B7EE-4709-998C-F1568B51F32A}.Debug|Any CPU.Build.0 = Debug|Any CPU
		{48DD2458-B7EE-4709-998C-F1568B51F32A}.Release|Any CPU.ActiveCfg = Release|Any CPU
		{48DD2458-B7EE-4709-998C-F1568B51F32A}.Release|Any CPU.Build.0 = Release|Any CPU
		{C4D646D3-5FD7-4A7A-BEEC-36EA3335C11A}.Debug|Any CPU.ActiveCfg = Debug|Any CPU
		{C4D646D3-5FD7-4A7A-BEEC-36EA3335C11A}.Debug|Any CPU.Build.0 = Debug|Any CPU
		{C4D646D3-5FD7-4A7A-BEEC-36EA3335C11A}.Release|Any CPU.ActiveCfg = Release|Any CPU
		{C4D646D3-5FD7-4A7A-BEEC-36EA3335C11A}.Release|Any CPU.Build.0 = Release|Any CPU
		{60A8CE03-3493-47E1-8D83-3FD59D2B7B26}.Debug|Any CPU.ActiveCfg = Debug|Any CPU
		{60A8CE03-3493-47E1-8D83-3FD59D2B7B26}.Debug|Any CPU.Build.0 = Debug|Any CPU
		{60A8CE03-3493-47E1-8D83-3FD59D2B7B26}.Release|Any CPU.ActiveCfg = Release|Any CPU
		{60A8CE03-3493-47E1-8D83-3FD59D2B7B26}.Release|Any CPU.Build.0 = Release|Any CPU
		{2C041533-4BA4-4498-8867-43F87FFD5FAC}.Debug|Any CPU.ActiveCfg = Debug|Any CPU
		{2C041533-4BA4-4498-8867-43F87FFD5FAC}.Debug|Any CPU.Build.0 = Debug|Any CPU
		{2C041533-4BA4-4498-8867-43F87FFD5FAC}.Release|Any CPU.ActiveCfg = Release|Any CPU
		{2C041533-4BA4-4498-8867-43F87FFD5FAC}.Release|Any CPU.Build.0 = Release|Any CPU
		{4746F5C7-ADC1-4E06-8365-9400AC0FB4A5}.Debug|Any CPU.ActiveCfg = Debug|Any CPU
		{4746F5C7-ADC1-4E06-8365-9400AC0FB4A5}.Debug|Any CPU.Build.0 = Debug|Any CPU
		{4746F5C7-ADC1-4E06-8365-9400AC0FB4A5}.Release|Any CPU.ActiveCfg = Release|Any CPU
		{4746F5C7-ADC1-4E06-8365-9400AC0FB4A5}.Release|Any CPU.Build.0 = Release|Any CPU
		{C3D1FAC1-8C48-4E7B-93D1-6BBC4B749139}.Debug|Any CPU.ActiveCfg = Debug|Any CPU
		{C3D1FAC1-8C48-4E7B-93D1-6BBC4B749139}.Debug|Any CPU.Build.0 = Debug|Any CPU
		{C3D1FAC1-8C48-4E7B-93D1-6BBC4B749139}.Release|Any CPU.ActiveCfg = Release|Any CPU
		{C3D1FAC1-8C48-4E7B-93D1-6BBC4B749139}.Release|Any CPU.Build.0 = Release|Any CPU
		{03FE77F4-4C93-4139-8825-E0070EE3F860}.Debug|Any CPU.ActiveCfg = Debug|Any CPU
		{03FE77F4-4C93-4139-8825-E0070EE3F860}.Debug|Any CPU.Build.0 = Debug|Any CPU
		{03FE77F4-4C93-4139-8825-E0070EE3F860}.Release|Any CPU.ActiveCfg = Release|Any CPU
		{03FE77F4-4C93-4139-8825-E0070EE3F860}.Release|Any CPU.Build.0 = Release|Any CPU
		{F0C5BD31-CFF7-4B0B-8483-7471447740D8}.Debug|Any CPU.ActiveCfg = Debug|Any CPU
		{F0C5BD31-CFF7-4B0B-8483-7471447740D8}.Release|Any CPU.ActiveCfg = Release|Any CPU
		{A050ED65-BF3C-4CBC-9A9A-68CB5AA82BCC}.Debug|Any CPU.ActiveCfg = Debug|Any CPU
		{A050ED65-BF3C-4CBC-9A9A-68CB5AA82BCC}.Debug|Any CPU.Build.0 = Debug|Any CPU
		{A050ED65-BF3C-4CBC-9A9A-68CB5AA82BCC}.Release|Any CPU.ActiveCfg = Release|Any CPU
		{A050ED65-BF3C-4CBC-9A9A-68CB5AA82BCC}.Release|Any CPU.Build.0 = Release|Any CPU
		{0257AACF-AE9A-4002-8E2E-C98D6FD17437}.Debug|Any CPU.ActiveCfg = Debug|Any CPU
		{0257AACF-AE9A-4002-8E2E-C98D6FD17437}.Debug|Any CPU.Build.0 = Debug|Any CPU
		{0257AACF-AE9A-4002-8E2E-C98D6FD17437}.Release|Any CPU.ActiveCfg = Release|Any CPU
		{0257AACF-AE9A-4002-8E2E-C98D6FD17437}.Release|Any CPU.Build.0 = Release|Any CPU
		{0985021E-9AD0-455A-A26B-2B8CEBD26297}.Debug|Any CPU.ActiveCfg = Debug|Any CPU
		{0985021E-9AD0-455A-A26B-2B8CEBD26297}.Debug|Any CPU.Build.0 = Debug|Any CPU
		{0985021E-9AD0-455A-A26B-2B8CEBD26297}.Release|Any CPU.ActiveCfg = Release|Any CPU
		{0985021E-9AD0-455A-A26B-2B8CEBD26297}.Release|Any CPU.Build.0 = Release|Any CPU
		{85E50648-F96F-40EA-8FC8-EB41FEF5C5FB}.Debug|Any CPU.ActiveCfg = Debug|Any CPU
		{85E50648-F96F-40EA-8FC8-EB41FEF5C5FB}.Debug|Any CPU.Build.0 = Debug|Any CPU
		{85E50648-F96F-40EA-8FC8-EB41FEF5C5FB}.Release|Any CPU.ActiveCfg = Release|Any CPU
		{85E50648-F96F-40EA-8FC8-EB41FEF5C5FB}.Release|Any CPU.Build.0 = Release|Any CPU
		{DB087110-BDBA-4E9D-813F-EF08295ECF8C}.Debug|Any CPU.ActiveCfg = Debug|Any CPU
		{DB087110-BDBA-4E9D-813F-EF08295ECF8C}.Debug|Any CPU.Build.0 = Debug|Any CPU
		{DB087110-BDBA-4E9D-813F-EF08295ECF8C}.Release|Any CPU.ActiveCfg = Release|Any CPU
		{DB087110-BDBA-4E9D-813F-EF08295ECF8C}.Release|Any CPU.Build.0 = Release|Any CPU
		{11F1884B-17EC-49F3-8BB3-B19156D3089F}.Debug|Any CPU.ActiveCfg = Debug|Any CPU
		{11F1884B-17EC-49F3-8BB3-B19156D3089F}.Debug|Any CPU.Build.0 = Debug|Any CPU
		{11F1884B-17EC-49F3-8BB3-B19156D3089F}.Release|Any CPU.ActiveCfg = Release|Any CPU
		{11F1884B-17EC-49F3-8BB3-B19156D3089F}.Release|Any CPU.Build.0 = Release|Any CPU
		{0F051A17-542A-4981-8155-A99F547E4442}.Debug|Any CPU.ActiveCfg = Debug|Any CPU
		{0F051A17-542A-4981-8155-A99F547E4442}.Debug|Any CPU.Build.0 = Debug|Any CPU
		{0F051A17-542A-4981-8155-A99F547E4442}.Release|Any CPU.ActiveCfg = Release|Any CPU
		{0F051A17-542A-4981-8155-A99F547E4442}.Release|Any CPU.Build.0 = Release|Any CPU
		{684434AD-70CA-4355-87B8-6B11E921D393}.Debug|Any CPU.ActiveCfg = Debug|Any CPU
		{684434AD-70CA-4355-87B8-6B11E921D393}.Debug|Any CPU.Build.0 = Debug|Any CPU
		{684434AD-70CA-4355-87B8-6B11E921D393}.Release|Any CPU.ActiveCfg = Release|Any CPU
		{684434AD-70CA-4355-87B8-6B11E921D393}.Release|Any CPU.Build.0 = Release|Any CPU
		{D9F56691-FA01-43C2-A44E-259CF950E7B2}.Debug|Any CPU.ActiveCfg = Debug|Any CPU
		{D9F56691-FA01-43C2-A44E-259CF950E7B2}.Debug|Any CPU.Build.0 = Debug|Any CPU
		{D9F56691-FA01-43C2-A44E-259CF950E7B2}.Release|Any CPU.ActiveCfg = Release|Any CPU
		{D9F56691-FA01-43C2-A44E-259CF950E7B2}.Release|Any CPU.Build.0 = Release|Any CPU
		{66F216DA-838E-463B-B5A5-8631177F0079}.Debug|Any CPU.ActiveCfg = Debug|Any CPU
		{66F216DA-838E-463B-B5A5-8631177F0079}.Debug|Any CPU.Build.0 = Debug|Any CPU
		{66F216DA-838E-463B-B5A5-8631177F0079}.Release|Any CPU.ActiveCfg = Release|Any CPU
		{66F216DA-838E-463B-B5A5-8631177F0079}.Release|Any CPU.Build.0 = Release|Any CPU
		{5E82EAA0-ABB1-40D2-8931-F7BE9E9439D7}.Debug|Any CPU.ActiveCfg = Debug|Any CPU
		{5E82EAA0-ABB1-40D2-8931-F7BE9E9439D7}.Debug|Any CPU.Build.0 = Debug|Any CPU
		{5E82EAA0-ABB1-40D2-8931-F7BE9E9439D7}.Release|Any CPU.ActiveCfg = Release|Any CPU
		{5E82EAA0-ABB1-40D2-8931-F7BE9E9439D7}.Release|Any CPU.Build.0 = Release|Any CPU
		{2947C827-FFC2-4E77-A8FD-E54A009ED4A8}.Debug|Any CPU.ActiveCfg = Debug|Any CPU
		{2947C827-FFC2-4E77-A8FD-E54A009ED4A8}.Debug|Any CPU.Build.0 = Debug|Any CPU
		{2947C827-FFC2-4E77-A8FD-E54A009ED4A8}.Release|Any CPU.ActiveCfg = Release|Any CPU
		{2947C827-FFC2-4E77-A8FD-E54A009ED4A8}.Release|Any CPU.Build.0 = Release|Any CPU
		{23854875-DDBB-4BB9-81B5-637FCA6B1831}.Debug|Any CPU.ActiveCfg = Debug|Any CPU
		{23854875-DDBB-4BB9-81B5-637FCA6B1831}.Debug|Any CPU.Build.0 = Debug|Any CPU
		{23854875-DDBB-4BB9-81B5-637FCA6B1831}.Release|Any CPU.ActiveCfg = Release|Any CPU
		{23854875-DDBB-4BB9-81B5-637FCA6B1831}.Release|Any CPU.Build.0 = Release|Any CPU
		{664D5E11-1BAB-4D48-BEF5-775DB427D691}.Debug|Any CPU.ActiveCfg = Debug|Any CPU
		{664D5E11-1BAB-4D48-BEF5-775DB427D691}.Debug|Any CPU.Build.0 = Debug|Any CPU
		{664D5E11-1BAB-4D48-BEF5-775DB427D691}.Release|Any CPU.ActiveCfg = Release|Any CPU
		{664D5E11-1BAB-4D48-BEF5-775DB427D691}.Release|Any CPU.Build.0 = Release|Any CPU
		{D647B501-C650-4877-8CF6-06515391E28F}.Debug|Any CPU.ActiveCfg = Debug|Any CPU
		{D647B501-C650-4877-8CF6-06515391E28F}.Debug|Any CPU.Build.0 = Debug|Any CPU
		{D647B501-C650-4877-8CF6-06515391E28F}.Release|Any CPU.ActiveCfg = Release|Any CPU
		{D647B501-C650-4877-8CF6-06515391E28F}.Release|Any CPU.Build.0 = Release|Any CPU
		{8C37381E-D1F6-4173-ADCD-DED9CBB474AF}.Debug|Any CPU.ActiveCfg = Debug|Any CPU
		{8C37381E-D1F6-4173-ADCD-DED9CBB474AF}.Debug|Any CPU.Build.0 = Debug|Any CPU
		{8C37381E-D1F6-4173-ADCD-DED9CBB474AF}.Release|Any CPU.ActiveCfg = Release|Any CPU
		{8C37381E-D1F6-4173-ADCD-DED9CBB474AF}.Release|Any CPU.Build.0 = Release|Any CPU
		{7DB633C2-1EA6-420F-9BA9-320D42289119}.Debug|Any CPU.ActiveCfg = Debug|Any CPU
		{7DB633C2-1EA6-420F-9BA9-320D42289119}.Debug|Any CPU.Build.0 = Debug|Any CPU
		{7DB633C2-1EA6-420F-9BA9-320D42289119}.Release|Any CPU.ActiveCfg = Release|Any CPU
		{7DB633C2-1EA6-420F-9BA9-320D42289119}.Release|Any CPU.Build.0 = Release|Any CPU
		{3BC491D6-786A-46F1-9B93-69F23F89055A}.Debug|Any CPU.ActiveCfg = Debug|Any CPU
		{3BC491D6-786A-46F1-9B93-69F23F89055A}.Debug|Any CPU.Build.0 = Debug|Any CPU
		{3BC491D6-786A-46F1-9B93-69F23F89055A}.Release|Any CPU.ActiveCfg = Release|Any CPU
		{3BC491D6-786A-46F1-9B93-69F23F89055A}.Release|Any CPU.Build.0 = Release|Any CPU
		{99901356-AD33-4E23-8F0E-2A9DFCCF4885}.Debug|Any CPU.ActiveCfg = Debug|Any CPU
		{99901356-AD33-4E23-8F0E-2A9DFCCF4885}.Debug|Any CPU.Build.0 = Debug|Any CPU
		{99901356-AD33-4E23-8F0E-2A9DFCCF4885}.Release|Any CPU.ActiveCfg = Release|Any CPU
		{99901356-AD33-4E23-8F0E-2A9DFCCF4885}.Release|Any CPU.Build.0 = Release|Any CPU
		{D1D6D2D8-3D5D-4DB1-8F97-E20CFA5F1F0B}.Debug|Any CPU.ActiveCfg = Debug|Any CPU
		{D1D6D2D8-3D5D-4DB1-8F97-E20CFA5F1F0B}.Debug|Any CPU.Build.0 = Debug|Any CPU
		{D1D6D2D8-3D5D-4DB1-8F97-E20CFA5F1F0B}.Release|Any CPU.ActiveCfg = Release|Any CPU
		{D1D6D2D8-3D5D-4DB1-8F97-E20CFA5F1F0B}.Release|Any CPU.Build.0 = Release|Any CPU
		{6DD92044-33D8-4F00-8921-DE9DAF2FBCAA}.Debug|Any CPU.ActiveCfg = Debug|Any CPU
		{6DD92044-33D8-4F00-8921-DE9DAF2FBCAA}.Debug|Any CPU.Build.0 = Debug|Any CPU
		{6DD92044-33D8-4F00-8921-DE9DAF2FBCAA}.Release|Any CPU.ActiveCfg = Release|Any CPU
		{6DD92044-33D8-4F00-8921-DE9DAF2FBCAA}.Release|Any CPU.Build.0 = Release|Any CPU
		{E270D7E7-0E35-4DED-B330-25FF7EED8581}.Debug|Any CPU.ActiveCfg = Debug|Any CPU
		{E270D7E7-0E35-4DED-B330-25FF7EED8581}.Debug|Any CPU.Build.0 = Debug|Any CPU
		{E270D7E7-0E35-4DED-B330-25FF7EED8581}.Release|Any CPU.ActiveCfg = Release|Any CPU
		{E270D7E7-0E35-4DED-B330-25FF7EED8581}.Release|Any CPU.Build.0 = Release|Any CPU
		{1112ECBA-AC14-46E6-BF67-3CAA8CB93022}.Debug|Any CPU.ActiveCfg = Debug|Any CPU
		{1112ECBA-AC14-46E6-BF67-3CAA8CB93022}.Debug|Any CPU.Build.0 = Debug|Any CPU
		{1112ECBA-AC14-46E6-BF67-3CAA8CB93022}.Release|Any CPU.ActiveCfg = Release|Any CPU
		{1112ECBA-AC14-46E6-BF67-3CAA8CB93022}.Release|Any CPU.Build.0 = Release|Any CPU
		{08D35705-7F77-4ABE-9E85-D31DE77A1DC1}.Debug|Any CPU.ActiveCfg = Debug|Any CPU
		{08D35705-7F77-4ABE-9E85-D31DE77A1DC1}.Debug|Any CPU.Build.0 = Debug|Any CPU
		{08D35705-7F77-4ABE-9E85-D31DE77A1DC1}.Release|Any CPU.ActiveCfg = Release|Any CPU
		{08D35705-7F77-4ABE-9E85-D31DE77A1DC1}.Release|Any CPU.Build.0 = Release|Any CPU
		{D213F7FE-7331-4BCD-B989-B68093CA7FB9}.Debug|Any CPU.ActiveCfg = Debug|Any CPU
		{D213F7FE-7331-4BCD-B989-B68093CA7FB9}.Debug|Any CPU.Build.0 = Debug|Any CPU
		{D213F7FE-7331-4BCD-B989-B68093CA7FB9}.Release|Any CPU.ActiveCfg = Release|Any CPU
		{D213F7FE-7331-4BCD-B989-B68093CA7FB9}.Release|Any CPU.Build.0 = Release|Any CPU
		{27927A49-284A-4F13-9137-E9437538C12B}.Debug|Any CPU.ActiveCfg = Debug|Any CPU
		{27927A49-284A-4F13-9137-E9437538C12B}.Debug|Any CPU.Build.0 = Debug|Any CPU
		{27927A49-284A-4F13-9137-E9437538C12B}.Release|Any CPU.ActiveCfg = Release|Any CPU
		{27927A49-284A-4F13-9137-E9437538C12B}.Release|Any CPU.Build.0 = Release|Any CPU
		{C814BC03-79B3-4B72-A82B-AFA4CF93E5BA}.Debug|Any CPU.ActiveCfg = Debug|Any CPU
		{C814BC03-79B3-4B72-A82B-AFA4CF93E5BA}.Debug|Any CPU.Build.0 = Debug|Any CPU
		{C814BC03-79B3-4B72-A82B-AFA4CF93E5BA}.Release|Any CPU.ActiveCfg = Release|Any CPU
		{C814BC03-79B3-4B72-A82B-AFA4CF93E5BA}.Release|Any CPU.Build.0 = Release|Any CPU
		{4EECE5C7-DD23-45AC-8647-24A0FDDF2342}.Debug|Any CPU.ActiveCfg = Debug|Any CPU
		{4EECE5C7-DD23-45AC-8647-24A0FDDF2342}.Debug|Any CPU.Build.0 = Debug|Any CPU
		{4EECE5C7-DD23-45AC-8647-24A0FDDF2342}.Release|Any CPU.ActiveCfg = Release|Any CPU
		{4EECE5C7-DD23-45AC-8647-24A0FDDF2342}.Release|Any CPU.Build.0 = Release|Any CPU
		{BE9FF027-61EC-44F5-B2BD-5AEF797DD510}.Debug|Any CPU.ActiveCfg = Debug|Any CPU
		{BE9FF027-61EC-44F5-B2BD-5AEF797DD510}.Debug|Any CPU.Build.0 = Debug|Any CPU
		{BE9FF027-61EC-44F5-B2BD-5AEF797DD510}.Release|Any CPU.ActiveCfg = Release|Any CPU
		{BE9FF027-61EC-44F5-B2BD-5AEF797DD510}.Release|Any CPU.Build.0 = Release|Any CPU
		{9409DC4C-5D76-411C-9148-71DB2E4BAA75}.Debug|Any CPU.ActiveCfg = Debug|Any CPU
		{9409DC4C-5D76-411C-9148-71DB2E4BAA75}.Debug|Any CPU.Build.0 = Debug|Any CPU
		{9409DC4C-5D76-411C-9148-71DB2E4BAA75}.Release|Any CPU.ActiveCfg = Release|Any CPU
		{9409DC4C-5D76-411C-9148-71DB2E4BAA75}.Release|Any CPU.Build.0 = Release|Any CPU
		{92D12FFA-90C6-49A3-A483-E4713CD8DCC7}.Debug|Any CPU.ActiveCfg = Debug|Any CPU
		{92D12FFA-90C6-49A3-A483-E4713CD8DCC7}.Debug|Any CPU.Build.0 = Debug|Any CPU
		{92D12FFA-90C6-49A3-A483-E4713CD8DCC7}.Release|Any CPU.ActiveCfg = Release|Any CPU
		{92D12FFA-90C6-49A3-A483-E4713CD8DCC7}.Release|Any CPU.Build.0 = Release|Any CPU
		{242660C2-8155-4769-991D-08AFBA69A302}.Debug|Any CPU.ActiveCfg = Debug|Any CPU
		{242660C2-8155-4769-991D-08AFBA69A302}.Debug|Any CPU.Build.0 = Debug|Any CPU
		{242660C2-8155-4769-991D-08AFBA69A302}.Release|Any CPU.ActiveCfg = Release|Any CPU
		{242660C2-8155-4769-991D-08AFBA69A302}.Release|Any CPU.Build.0 = Release|Any CPU
		{7935D706-6BF7-4096-8282-1E8594709073}.Debug|Any CPU.ActiveCfg = Debug|Any CPU
		{7935D706-6BF7-4096-8282-1E8594709073}.Debug|Any CPU.Build.0 = Debug|Any CPU
		{7935D706-6BF7-4096-8282-1E8594709073}.Release|Any CPU.ActiveCfg = Release|Any CPU
		{7935D706-6BF7-4096-8282-1E8594709073}.Release|Any CPU.Build.0 = Release|Any CPU
		{1FE02554-8AED-4528-B1D0-57C1A64E4062}.Debug|Any CPU.ActiveCfg = Debug|Any CPU
		{1FE02554-8AED-4528-B1D0-57C1A64E4062}.Debug|Any CPU.Build.0 = Debug|Any CPU
		{1FE02554-8AED-4528-B1D0-57C1A64E4062}.Release|Any CPU.ActiveCfg = Release|Any CPU
		{1FE02554-8AED-4528-B1D0-57C1A64E4062}.Release|Any CPU.Build.0 = Release|Any CPU
	EndGlobalSection
	GlobalSection(SolutionProperties) = preSolution
		HideSolutionNode = FALSE
	EndGlobalSection
	GlobalSection(NestedProjects) = preSolution
		{74B96B02-FF13-48C1-9A18-F99B27CBBC0F} = {1CEBD406-B6C5-4639-A9AA-5F8C850F3A6D}
		{ED400E91-5417-4177-89E4-6D6C30D7245C} = {316D2E5D-61D2-403E-805B-F97F1C06BF46}
		{2D498396-C10C-4A20-B24E-FD554FFC49EF} = {316D2E5D-61D2-403E-805B-F97F1C06BF46}
		{1617BA08-7FFF-4C8A-9C90-BC0EDB577FA3} = {316D2E5D-61D2-403E-805B-F97F1C06BF46}
		{1CEBD406-B6C5-4639-A9AA-5F8C850F3A6D} = {316D2E5D-61D2-403E-805B-F97F1C06BF46}
		{D9BAF38A-4FF2-467D-A585-B7843488F115} = {1CEBD406-B6C5-4639-A9AA-5F8C850F3A6D}
		{D636F237-2893-45D1-870B-605F8A48BB6E} = {1CEBD406-B6C5-4639-A9AA-5F8C850F3A6D}
		{79F77420-A4F7-4712-9DAF-D862F4E19157} = {1CEBD406-B6C5-4639-A9AA-5F8C850F3A6D}
		{27B67DFE-0BF1-4435-B036-E4C083EAEA03} = {A120EF79-3B18-4B3F-B54D-9767BCE32E33}
		{48DD2458-B7EE-4709-998C-F1568B51F32A} = {A120EF79-3B18-4B3F-B54D-9767BCE32E33}
		{C4D646D3-5FD7-4A7A-BEEC-36EA3335C11A} = {A120EF79-3B18-4B3F-B54D-9767BCE32E33}
		{60A8CE03-3493-47E1-8D83-3FD59D2B7B26} = {ED400E91-5417-4177-89E4-6D6C30D7245C}
		{2C041533-4BA4-4498-8867-43F87FFD5FAC} = {2D498396-C10C-4A20-B24E-FD554FFC49EF}
		{4746F5C7-ADC1-4E06-8365-9400AC0FB4A5} = {2D498396-C10C-4A20-B24E-FD554FFC49EF}
		{C3D1FAC1-8C48-4E7B-93D1-6BBC4B749139} = {2D498396-C10C-4A20-B24E-FD554FFC49EF}
		{03FE77F4-4C93-4139-8825-E0070EE3F860} = {2D498396-C10C-4A20-B24E-FD554FFC49EF}
		{F0C5BD31-CFF7-4B0B-8483-7471447740D8} = {93CDC3EA-AB95-4537-8B66-46D0656EF265}
		{A050ED65-BF3C-4CBC-9A9A-68CB5AA82BCC} = {1617BA08-7FFF-4C8A-9C90-BC0EDB577FA3}
		{0257AACF-AE9A-4002-8E2E-C98D6FD17437} = {1617BA08-7FFF-4C8A-9C90-BC0EDB577FA3}
		{0985021E-9AD0-455A-A26B-2B8CEBD26297} = {1617BA08-7FFF-4C8A-9C90-BC0EDB577FA3}
		{85E50648-F96F-40EA-8FC8-EB41FEF5C5FB} = {1617BA08-7FFF-4C8A-9C90-BC0EDB577FA3}
		{DB087110-BDBA-4E9D-813F-EF08295ECF8C} = {1617BA08-7FFF-4C8A-9C90-BC0EDB577FA3}
		{11F1884B-17EC-49F3-8BB3-B19156D3089F} = {1617BA08-7FFF-4C8A-9C90-BC0EDB577FA3}
		{0F051A17-542A-4981-8155-A99F547E4442} = {1617BA08-7FFF-4C8A-9C90-BC0EDB577FA3}
		{684434AD-70CA-4355-87B8-6B11E921D393} = {1617BA08-7FFF-4C8A-9C90-BC0EDB577FA3}
		{D9F56691-FA01-43C2-A44E-259CF950E7B2} = {1617BA08-7FFF-4C8A-9C90-BC0EDB577FA3}
		{66F216DA-838E-463B-B5A5-8631177F0079} = {1CEBD406-B6C5-4639-A9AA-5F8C850F3A6D}
		{5E82EAA0-ABB1-40D2-8931-F7BE9E9439D7} = {D9BAF38A-4FF2-467D-A585-B7843488F115}
		{2947C827-FFC2-4E77-A8FD-E54A009ED4A8} = {D9BAF38A-4FF2-467D-A585-B7843488F115}
		{23854875-DDBB-4BB9-81B5-637FCA6B1831} = {79F77420-A4F7-4712-9DAF-D862F4E19157}
		{664D5E11-1BAB-4D48-BEF5-775DB427D691} = {D9BAF38A-4FF2-467D-A585-B7843488F115}
		{D647B501-C650-4877-8CF6-06515391E28F} = {74B96B02-FF13-48C1-9A18-F99B27CBBC0F}
		{8C37381E-D1F6-4173-ADCD-DED9CBB474AF} = {74B96B02-FF13-48C1-9A18-F99B27CBBC0F}
		{7DB633C2-1EA6-420F-9BA9-320D42289119} = {74B96B02-FF13-48C1-9A18-F99B27CBBC0F}
		{3BC491D6-786A-46F1-9B93-69F23F89055A} = {79F77420-A4F7-4712-9DAF-D862F4E19157}
		{99901356-AD33-4E23-8F0E-2A9DFCCF4885} = {D636F237-2893-45D1-870B-605F8A48BB6E}
		{D1D6D2D8-3D5D-4DB1-8F97-E20CFA5F1F0B} = {D636F237-2893-45D1-870B-605F8A48BB6E}
		{6DD92044-33D8-4F00-8921-DE9DAF2FBCAA} = {D636F237-2893-45D1-870B-605F8A48BB6E}
		{E270D7E7-0E35-4DED-B330-25FF7EED8581} = {D636F237-2893-45D1-870B-605F8A48BB6E}
		{1112ECBA-AC14-46E6-BF67-3CAA8CB93022} = {79F77420-A4F7-4712-9DAF-D862F4E19157}
		{08D35705-7F77-4ABE-9E85-D31DE77A1DC1} = {D9BAF38A-4FF2-467D-A585-B7843488F115}
		{D213F7FE-7331-4BCD-B989-B68093CA7FB9} = {D9BAF38A-4FF2-467D-A585-B7843488F115}
		{27927A49-284A-4F13-9137-E9437538C12B} = {D636F237-2893-45D1-870B-605F8A48BB6E}
		{C814BC03-79B3-4B72-A82B-AFA4CF93E5BA} = {D636F237-2893-45D1-870B-605F8A48BB6E}
		{4EECE5C7-DD23-45AC-8647-24A0FDDF2342} = {74B96B02-FF13-48C1-9A18-F99B27CBBC0F}
		{BE9FF027-61EC-44F5-B2BD-5AEF797DD510} = {74B96B02-FF13-48C1-9A18-F99B27CBBC0F}
		{9409DC4C-5D76-411C-9148-71DB2E4BAA75} = {74B96B02-FF13-48C1-9A18-F99B27CBBC0F}
		{92D12FFA-90C6-49A3-A483-E4713CD8DCC7} = {79F77420-A4F7-4712-9DAF-D862F4E19157}
		{242660C2-8155-4769-991D-08AFBA69A302} = {A120EF79-3B18-4B3F-B54D-9767BCE32E33}
		{7935D706-6BF7-4096-8282-1E8594709073} = {A120EF79-3B18-4B3F-B54D-9767BCE32E33}
		{1FE02554-8AED-4528-B1D0-57C1A64E4062} = {A120EF79-3B18-4B3F-B54D-9767BCE32E33}
	EndGlobalSection
	GlobalSection(ExtensibilityGlobals) = postSolution
		SolutionGuid = {D34F6AE3-B336-4BBE-9CE6-313289C6AF2B}
	EndGlobalSection
EndGlobal
