
Microsoft Visual Studio Solution File, Format Version 12.00
# Visual Studio Version 17
VisualStudioVersion = 17.9.34714.143
MinimumVisualStudioVersion = 10.0.40219.1
Project("{9A19103F-16F7-4668-BE54-9A1E7A4F7556}") = "Writer.Test", "Writer.Test\Writer.Test.csproj", "{8FBAB64A-51F5-40F8-8B56-4AEE7BE49838}"
EndProject
Project("{9A19103F-16F7-4668-BE54-9A1E7A4F7556}") = "BookLibrary.Test", "BookLibrary.Test\BookLibrary.Test.csproj", "{A239DB72-F7D9-4DE9-83F9-E0D852FA5F8F}"
EndProject
Project("{9A19103F-16F7-4668-BE54-9A1E7A4F7556}") = "UITest.Core", "UITest.Core\UITest.Core.csproj", "{4B2174D9-B723-42AA-90DA-2F556409F19A}"
EndProject
Project("{9A19103F-16F7-4668-BE54-9A1E7A4F7556}") = "InformationManager.Test", "InformationManager.Test\InformationManager.Test.csproj", "{18006BE9-7056-48FB-97CF-F7B25C43358B}"
EndProject
Project("{2150E333-8FDC-42A3-9474-1A3956D46DE8}") = "Solution Items", "Solution Items", "{DAAFA839-8A98-4353-9AAD-CD1484DFEDE5}"
	ProjectSection(SolutionItems) = preProject
		Directory.Build.props = Directory.Build.props
		Directory.Packages.props = Directory.Packages.props
	EndProjectSection
EndProject
Global
	GlobalSection(SolutionConfigurationPlatforms) = preSolution
		Debug|Any CPU = Debug|Any CPU
		Release|Any CPU = Release|Any CPU
	EndGlobalSection
	GlobalSection(ProjectConfigurationPlatforms) = postSolution
		{8FBAB64A-51F5-40F8-8B56-4AEE7BE49838}.Debug|Any CPU.ActiveCfg = Debug|Any CPU
		{8FBAB64A-51F5-40F8-8B56-4AEE7BE49838}.Debug|Any CPU.Build.0 = Debug|Any CPU
		{8FBAB64A-51F5-40F8-8B56-4AEE7BE49838}.Release|Any CPU.ActiveCfg = Release|Any CPU
		{8FBAB64A-51F5-40F8-8B56-4AEE7BE49838}.Release|Any CPU.Build.0 = Release|Any CPU
		{A239DB72-F7D9-4DE9-83F9-E0D852FA5F8F}.Debug|Any CPU.ActiveCfg = Debug|Any CPU
		{A239DB72-F7D9-4DE9-83F9-E0D852FA5F8F}.Debug|Any CPU.Build.0 = Debug|Any CPU
		{A239DB72-F7D9-4DE9-83F9-E0D852FA5F8F}.Release|Any CPU.ActiveCfg = Release|Any CPU
		{A239DB72-F7D9-4DE9-83F9-E0D852FA5F8F}.Release|Any CPU.Build.0 = Release|Any CPU
		{4B2174D9-B723-42AA-90DA-2F556409F19A}.Debug|Any CPU.ActiveCfg = Debug|Any CPU
		{4B2174D9-B723-42AA-90DA-2F556409F19A}.Debug|Any CPU.Build.0 = Debug|Any CPU
		{4B2174D9-B723-42AA-90DA-2F556409F19A}.Release|Any CPU.ActiveCfg = Release|Any CPU
		{4B2174D9-B723-42AA-90DA-2F556409F19A}.Release|Any CPU.Build.0 = Release|Any CPU
		{18006BE9-7056-48FB-97CF-F7B25C43358B}.Debug|Any CPU.ActiveCfg = Debug|Any CPU
		{18006BE9-7056-48FB-97CF-F7B25C43358B}.Debug|Any CPU.Build.0 = Debug|Any CPU
		{18006BE9-7056-48FB-97CF-F7B25C43358B}.Release|Any CPU.ActiveCfg = Release|Any CPU
		{18006BE9-7056-48FB-97CF-F7B25C43358B}.Release|Any CPU.Build.0 = Release|Any CPU
	EndGlobalSection
	GlobalSection(SolutionProperties) = preSolution
		HideSolutionNode = FALSE
	EndGlobalSection
	GlobalSection(ExtensibilityGlobals) = postSolution
		SolutionGuid = {41B54A15-C865-48AA-9068-F685903DBFE3}
	EndGlobalSection
EndGlobal
